
Microsoft Visual Studio Solution File, Format Version 12.00
# Visual Studio Version 16
VisualStudioVersion = 16.0.31112.23
MinimumVisualStudioVersion = 10.0.40219.1
Project("{9A19103F-16F7-4668-BE54-9A1E7A4F7556}") = "HidGuardHelper", "HidGuardHelper\HidGuardHelper.csproj", "{85B39925-357B-44A9-8BC0-045B31E0EBF2}"
EndProject
Project("{8BC9CEB8-8B4A-11D0-8D11-00A0C91BC942}") = "UtilLibrary", "UtilLibrary\UtilLibrary.vcxproj", "{F93271EF-7312-426B-9959-7120AE282052}"
EndProject
Global
	GlobalSection(SolutionConfigurationPlatforms) = preSolution
		Debug|x64 = Debug|x64
		Debug|x86 = Debug|x86
		Release|x64 = Release|x64
		Release|x86 = Release|x86
	EndGlobalSection
	GlobalSection(ProjectConfigurationPlatforms) = postSolution
		{85B39925-357B-44A9-8BC0-045B31E0EBF2}.Debug|x64.ActiveCfg = Debug|x64
		{85B39925-357B-44A9-8BC0-045B31E0EBF2}.Debug|x64.Build.0 = Debug|x64
		{85B39925-357B-44A9-8BC0-045B31E0EBF2}.Debug|x86.ActiveCfg = Debug|x86
		{85B39925-357B-44A9-8BC0-045B31E0EBF2}.Debug|x86.Build.0 = Debug|x86
		{85B39925-357B-44A9-8BC0-045B31E0EBF2}.Release|x64.ActiveCfg = Release|x64
		{85B39925-357B-44A9-8BC0-045B31E0EBF2}.Release|x64.Build.0 = Release|x64
		{85B39925-357B-44A9-8BC0-045B31E0EBF2}.Release|x86.ActiveCfg = Release|x86
		{85B39925-357B-44A9-8BC0-045B31E0EBF2}.Release|x86.Build.0 = Release|x86
		{F93271EF-7312-426B-9959-7120AE282052}.Debug|x64.ActiveCfg = Debug|x64
		{F93271EF-7312-426B-9959-7120AE282052}.Debug|x64.Build.0 = Debug|x64
		{F93271EF-7312-426B-9959-7120AE282052}.Debug|x86.ActiveCfg = Debug|Win32
		{F93271EF-7312-426B-9959-7120AE282052}.Debug|x86.Build.0 = Debug|Win32
		{F93271EF-7312-426B-9959-7120AE282052}.Release|x64.ActiveCfg = Release|x64
		{F93271EF-7312-426B-9959-7120AE282052}.Release|x64.Build.0 = Release|x64
		{F93271EF-7312-426B-9959-7120AE282052}.Release|x86.ActiveCfg = Release|Win32
		{F93271EF-7312-426B-9959-7120AE282052}.Release|x86.Build.0 = Release|Win32
	EndGlobalSection
	GlobalSection(SolutionProperties) = preSolution
		HideSolutionNode = FALSE
	EndGlobalSection
	GlobalSection(ExtensibilityGlobals) = postSolution
		SolutionGuid = {3F4F235D-B515-4AB9-828A-0B37DC54CD5E}
	EndGlobalSection
EndGlobal
